
Microsoft Visual Studio Solution File, Format Version 12.00
# Visual Studio Version 17
VisualStudioVersion = 17.14.36623.8 d17.14
MinimumVisualStudioVersion = 10.0.40219.1
Project("{FAE04EC0-301F-11D3-BF4B-00C04F79EFBC}") = "Minesweeper", "Minesweeper\Minesweeper.csproj", "{1B09C1F3-B08D-4C7B-9630-EBB37FA42974}"
EndProject
Global
	GlobalSection(SolutionConfigurationPlatforms) = preSolution
		Debug|Any CPU = Debug|Any CPU
		Release|Any CPU = Release|Any CPU
	EndGlobalSection
	GlobalSection(ProjectConfigurationPlatforms) = postSolution
		{1B09C1F3-B08D-4C7B-9630-EBB37FA42974}.Debug|Any CPU.ActiveCfg = Debug|Any CPU
		{1B09C1F3-B08D-4C7B-9630-EBB37FA42974}.Debug|Any CPU.Build.0 = Debug|Any CPU
		{1B09C1F3-B08D-4C7B-9630-EBB37FA42974}.Release|Any CPU.ActiveCfg = Release|Any CPU
		{1B09C1F3-B08D-4C7B-9630-EBB37FA42974}.Release|Any CPU.Build.0 = Release|Any CPU
	EndGlobalSection
	GlobalSection(SolutionProperties) = preSolution
		HideSolutionNode = FALSE
	EndGlobalSection
	GlobalSection(ExtensibilityGlobals) = postSolution
		SolutionGuid = {3AAB6D29-C9A5-418E-8895-21D7AC67FFAA}
	EndGlobalSection
EndGlobal
